
Microsoft Visual Studio Solution File, Format Version 12.00
# Visual Studio Version 16
VisualStudioVersion = 16.0.29503.13
MinimumVisualStudioVersion = 10.0.40219.1
Project("{FAE04EC0-301F-11D3-BF4B-00C04F79EFBC}") = "DeliveryApi", "DeliveryApi\DeliveryApi.csproj", "{E151FB73-CA67-43A8-8868-09368C2B5CE0}"
EndProject
Global
	GlobalSection(SolutionConfigurationPlatforms) = preSolution
		Debug|Any CPU = Debug|Any CPU
		Release|Any CPU = Release|Any CPU
	EndGlobalSection
	GlobalSection(ProjectConfigurationPlatforms) = postSolution
		{E151FB73-CA67-43A8-8868-09368C2B5CE0}.Debug|Any CPU.ActiveCfg = Debug|Any CPU
		{E151FB73-CA67-43A8-8868-09368C2B5CE0}.Debug|Any CPU.Build.0 = Debug|Any CPU
		{E151FB73-CA67-43A8-8868-09368C2B5CE0}.Release|Any CPU.ActiveCfg = Release|Any CPU
		{E151FB73-CA67-43A8-8868-09368C2B5CE0}.Release|Any CPU.Build.0 = Release|Any CPU
	EndGlobalSection
	GlobalSection(SolutionProperties) = preSolution
		HideSolutionNode = FALSE
	EndGlobalSection
	GlobalSection(ExtensibilityGlobals) = postSolution
		SolutionGuid = {35C35B8B-6EE9-45B8-87D5-7280B088E237}
	EndGlobalSection
	GlobalSection(MonoDevelopProperties) = preSolution
		Policies = $0
		$0.VersionControlPolicy = $1
	EndGlobalSection
EndGlobal
